{
  "lockfileVersion": 1,
  "configVersion": 1,
  "workspaces": {
    "": {
      "name": "corsego",
      "dependencies": {
        "@hotwired/stimulus": "^3.2.0",
        "@hotwired/turbo-rails": "^8.0.0",
        "@rails/actioncable": "^8.0.0",
        "@rails/actiontext": "^8.0.0",
        "@rails/activestorage": "^8.0.0",
        "@rails/request.js": "^0.0.13",
        "bootstrap": "^4.5.0",
        "chart.js": "^2.9.3",
        "chartkick": "^5.0.0",
        "cocoon-js": "^0.0.5",
        "jquery": "^3.5.1",
        "jquery-ui-dist": "^1.12.1",
        "popper.js": "^1.16.1",
        "tom-select": "^2.4.4",
        "trix": "^2.0.0",
      },
    },
  },
  "packages": {
    "@hotwired/stimulus": ["@hotwired/stimulus@3.2.2", "", {}, "sha512-eGeIqNOQpXoPAIP7tC1+1Yc1yl1xnwYqg+3mzqxyrbE5pg5YFBZcA6YoTiByJB6DKAEsiWtl6tjTJS4IYtbB7A=="],

    "@hotwired/turbo": ["@hotwired/turbo@8.0.23", "", {}, "sha512-GZ7cijxEZ6Ig71u7rD6LHaRv/wcE/hNsc+nEfiWOkLNqUgLOwo5MNGWOy5ZV9ZUDSiQx1no7YxjTNnT4O6//cQ=="],

    "@hotwired/turbo-rails": ["@hotwired/turbo-rails@8.0.23", "", { "dependencies": { "@hotwired/turbo": "^8.0.23", "@rails/actioncable": ">=7.0" } }, "sha512-iBILwda3qmQC7FYM70+4s6kEQ7Fx9dJ6+yGxjPyrz9a5JDx1+y7OAA5TA7GGVOZJoicMLrKGdFDNorl40X35lw=="],

    "@kurkle/color": ["@kurkle/color@0.3.4", "", {}, "sha512-M5UknZPHRu3DEDWoipU6sE8PdkZ6Z/S+v4dD+Ke8IaNlpdSQah50lz1KtcFBa2vsdOnwbbnxJwVM4wty6udA5w=="],

    "@orchidjs/sifter": ["@orchidjs/sifter@1.1.0", "", { "dependencies": { "@orchidjs/unicode-variants": "^1.1.2" } }, "sha512-mYwHCfr736cIWWdhhSZvDbf90AKt2xyrJspKFC3qyIJG1LtrJeJunYEqCGG4Aq2ijENbc4WkOjszcvNaIAS/pQ=="],

    "@orchidjs/unicode-variants": ["@orchidjs/unicode-variants@1.1.2", "", {}, "sha512-5DobW1CHgnBROOEpFlEXytED5OosEWESFvg/VYmH0143oXcijYTprRYJTs+55HzGM4IqxiLFSuqEzu9mPNwVsA=="],

    "@rails/actioncable": ["@rails/actioncable@8.1.200", "", {}, "sha512-on0DSb7AFUkq1ocxivDNQhhGW/RQpY91zvRVyyaEWP4gOOZWy33P/UyxjQk74IENWNrTqs8+zOGHwTjiiFruRw=="],

    "@rails/actiontext": ["@rails/actiontext@8.1.200", "", { "dependencies": { "@rails/activestorage": ">= 8.1.0-alpha" }, "peerDependencies": { "trix": "^2.0.0" } }, "sha512-l4OuFLZbQB+A3yCNOzX0Y4Tn7XSekfuYjy20TiBuf+4Q5JKTnfuybHrQ5cDk/9DbwWE9sdWcdbODFUIYd4tczg=="],

    "@rails/activestorage": ["@rails/activestorage@8.1.200", "", { "dependencies": { "spark-md5": "^3.0.1" } }, "sha512-bPZqv447REBd1NQfba//FjgUqbUd93zKh7+BWhh3vRZ7Nm+RUgm6c5GbWctmik/rMHjsruTHhusYGyoKyf60pg=="],

    "@rails/request.js": ["@rails/request.js@0.0.13", "", {}, "sha512-7MXmjFOPuaxpjG8brqKJG0EfIe9ak6R0wRnjCBtRuADNFbdlRxETdKx1T5NVU4Ato3iZOkEpeSUEuLboL3tCGA=="],

    "@types/trusted-types": ["@types/trusted-types@2.0.7", "", {}, "sha512-ScaPdn1dQczgbl0QFTeTOmVHFULt394XJgOQNoyVhZ6r2vLnMLJfBPd53SB52T/3G36VI1/g2MZaX0cwDuXsfw=="],

    "bootstrap": ["bootstrap@4.6.2", "", { "peerDependencies": { "jquery": "1.9.1 - 3", "popper.js": "^1.16.1" } }, "sha512-51Bbp/Uxr9aTuy6ca/8FbFloBUJZLHwnhTcnjIeRn2suQWsWzcuJhGjKDB5eppVte/8oCdOL3VuwxvZDUggwGQ=="],

    "chart.js": ["chart.js@2.9.4", "", { "dependencies": { "chartjs-color": "^2.1.0", "moment": "^2.10.2" } }, "sha512-B07aAzxcrikjAPyV+01j7BmOpxtQETxTSlQ26BEYJ+3iUkbNKaOJ/nDbT6JjyqYxseM0ON12COHYdU2cTIjC7A=="],

    "chartjs-adapter-date-fns": ["chartjs-adapter-date-fns@3.0.0", "", { "peerDependencies": { "chart.js": ">=2.8.0", "date-fns": ">=2.0.0" } }, "sha512-Rs3iEB3Q5pJ973J93OBTpnP7qoGwvq3nUnoMdtxO+9aoJof7UFcRbWcIDteXuYd1fgAvct/32T9qaLyLuZVwCg=="],

    "chartjs-color": ["chartjs-color@2.4.1", "", { "dependencies": { "chartjs-color-string": "^0.6.0", "color-convert": "^1.9.3" } }, "sha512-haqOg1+Yebys/Ts/9bLo/BqUcONQOdr/hoEr2LLTRl6C5LXctUdHxsCYfvQVg5JIxITrfCNUDr4ntqmQk9+/0w=="],

    "chartjs-color-string": ["chartjs-color-string@0.6.0", "", { "dependencies": { "color-name": "^1.0.0" } }, "sha512-TIB5OKn1hPJvO7JcteW4WY/63v6KwEdt6udfnDE9iCAZgy+V4SrbSxoIbTw/xkUIapjEI4ExGtD0+6D3KyFd7A=="],

    "chartkick": ["chartkick@5.0.1", "", { "optionalDependencies": { "chart.js": "4", "chartjs-adapter-date-fns": ">=3", "date-fns": ">=2" } }, "sha512-4F3tWI3eBQgnjCYZIZ+fHOaJuNyxeyhDE2Tm+voOWB19hDjSJceys/spzN52DOn8bWepNESGXvPVTGU1jeFsbA=="],

    "cocoon-js": ["cocoon-js@0.0.5", "", { "dependencies": { "jquery": "^3.2.1" } }, "sha512-1h51/2LDnZdyQehtIIA4eqCMSef4yFvUwXQF1XWRp12KSVLCXrvuGOsnoEm7OXviM7wgEiTf1nAkjbyws9i1EQ=="],

    "color-convert": ["color-convert@1.9.3", "", { "dependencies": { "color-name": "1.1.3" } }, "sha512-QfAUtd+vFdAtFQcC8CCyYt1fYWxSqAiK2cSD6zDB8N3cpsEBAvRxp9zOGg6G/SHHJYAT88/az/IuDGALsNVbGg=="],

    "color-name": ["color-name@1.1.4", "", {}, "sha512-dOy+3AuW3a2wNbZHIuMZpTcgjGuLU/uBL/ubcZF9OXbDo8ff4O8yVp5Bf0efS8uEoYo5q4Fx7dY9OgQGXgAsQA=="],

    "date-fns": ["date-fns@4.1.0", "", {}, "sha512-Ukq0owbQXxa/U3EGtsdVBkR1w7KOQ5gIBqdH2hkvknzZPYvBxb/aa6E8L7tmjFtkwZBu3UXBbjIgPo/Ez4xaNg=="],

    "dompurify": ["dompurify@3.3.1", "", { "optionalDependencies": { "@types/trusted-types": "^2.0.7" } }, "sha512-qkdCKzLNtrgPFP1Vo+98FRzJnBRGe4ffyCea9IwHB1fyxPOeNTHpLKYGd4Uk9xvNoH0ZoOjwZxNptyMwqrId1Q=="],

    "jquery": ["jquery@3.7.1", "", {}, "sha512-m4avr8yL8kmFN8psrbFFFmB/If14iN5o9nw/NgnnM+kybDJpRsAynV2BsfpTYrTRysYUdADVD7CkUUizgkpLfg=="],

    "jquery-ui-dist": ["jquery-ui-dist@1.13.3", "", { "dependencies": { "jquery": ">=1.8.0 <4.0.0" } }, "sha512-qeTR3SOSQ0jgxaNXSFU6+JtxdzNUSJKgp8LCzVrVKntM25+2YBJW1Ea8B2AwjmmSHfPLy2dSlZxJQN06OfVFhg=="],

    "moment": ["moment@2.30.1", "", {}, "sha512-uEmtNhbDOrWPFS+hdjFCBfy9f2YoyzRpwcl+DqpC6taX21FzsTLQVbMV/W7PzNSX6x/bhC1zA3c2UQ5NzH6how=="],

    "popper.js": ["popper.js@1.16.1", "", {}, "sha512-Wb4p1J4zyFTbM+u6WuO4XstYx4Ky9Cewe4DWrel7B0w6VVICvPwdOpotjzcf6eD8TsckVnIMNONQyPIUFOUbCQ=="],

    "spark-md5": ["spark-md5@3.0.2", "", {}, "sha512-wcFzz9cDfbuqe0FZzfi2or1sgyIrsDwmPwfZC4hiNidPdPINjeUwNfv5kldczoEAcjl9Y1L3SM7Uz2PUEQzxQw=="],

    "tom-select": ["tom-select@2.4.4", "", { "dependencies": { "@orchidjs/sifter": "^1.1.0", "@orchidjs/unicode-variants": "^1.1.2" } }, "sha512-r/Baud+mSVQbibYRIOqJJJl7Iwm4aPNLSL5gSZm8Uns/IKY62TrSRCiF5vxUhWv5YFdkW/iyWHKZpWgRxcf7Ww=="],

    "trix": ["trix@2.1.16", "", { "dependencies": { "dompurify": "^3.2.5" } }, "sha512-XtZgWI+oBvLzX7CWnkIf+ZWC+chL+YG/TkY43iMTV0Zl+CJjn18B1GJUCEWJ8qgfpcyMBuysnNAfPWiv2sV14A=="],

    "@hotwired/turbo-rails/@rails/actioncable": ["@rails/actioncable@7.2.300", "", {}, "sha512-bmrp+HgCPd2BlhDfJ81hJ6Nvd6yh0B2hIW8ThOmUdOr3L+sFjU1glpBmn+MoQF2K0HLvnWCGqF3TxT/S0jj3QA=="],

    "chartkick/chart.js": ["chart.js@4.5.1", "", { "dependencies": { "@kurkle/color": "^0.3.0" } }, "sha512-GIjfiT9dbmHRiYi6Nl2yFCq7kkwdkp1W/lp2J99rX0yo9tgJGn3lKQATztIjb5tVtevcBtIdICNWqlq5+E8/Pw=="],

    "color-convert/color-name": ["color-name@1.1.3", "", {}, "sha512-72fSenhMw2HZMTVHeCA9KCmpEIbzWiQsjN+BHcBbS9vr1mtt+vJjPdksIBNUmKAW8TFUDPJK5SUU3QhE9NEXDw=="],
  }
}
